
Microsoft Visual Studio Solution File, Format Version 12.00
# Visual Studio Version 16
VisualStudioVersion = 16.0.29215.179
MinimumVisualStudioVersion = 10.0.40219.1
Project("{9A19103F-16F7-4668-BE54-9A1E7A4F7556}") = "IoTEdge.FieldGateway.Function", "IoTEdge.FieldGateway.Function\IoTEdge.FieldGateway.Function.csproj", "{0C991580-3399-46B5-A074-03FEF818D160}"
EndProject
Project("{9A19103F-16F7-4668-BE54-9A1E7A4F7556}") = "IoTEdge.VirtualRtu", "IoTEdge.VirtualRtu\IoTEdge.VirtualRtu.csproj", "{82D475D0-D22B-4CDE-BEF7-164F7D9F42B2}"
EndProject
Project("{9A19103F-16F7-4668-BE54-9A1E7A4F7556}") = "IoTEdge.VirtualRtu.Configuration", "IoTEdge.VirtualRtu.Configuration\IoTEdge.VirtualRtu.Configuration.csproj", "{E8D40604-CBA3-443C-A678-A15092A8161B}"
EndProject
Project("{9A19103F-16F7-4668-BE54-9A1E7A4F7556}") = "IoTEdge.VirtualRtu.FieldGateway", "IoTEdge.VirtualRtu.FieldGateway\IoTEdge.VirtualRtu.FieldGateway.csproj", "{20EB977B-B9E6-4BA1-9F86-1A09843A267D}"
EndProject
Project("{9A19103F-16F7-4668-BE54-9A1E7A4F7556}") = "IoTEdge.VirtualRtu.WebApp", "IoTEdge.VirtualRtu.WebApp\IoTEdge.VirtualRtu.WebApp.csproj", "{BB9C73BC-6DB0-4914-B7BD-89420A8AAD53}"
EndProject
Project("{9A19103F-16F7-4668-BE54-9A1E7A4F7556}") = "EchoScadaClient", "EchoScadaClient\EchoScadaClient.csproj", "{3BA0B8C7-A3F8-441E-A735-50A6B619EC71}"
EndProject
Project("{9A19103F-16F7-4668-BE54-9A1E7A4F7556}") = "IoTEdge.ModBusTcpAdapter", "IoTEdge.ModBusTcpAdapter\IoTEdge.ModBusTcpAdapter.csproj", "{2CDC6975-32F9-447E-9424-8391EC441ADD}"
EndProject
Project("{FAE04EC0-301F-11D3-BF4B-00C04F79EFBC}") = "IoTEdge.ModBus.Telemetry", "IoTEdge.Logging\IoTEdge.ModBus.Telemetry.csproj", "{9D5A803E-844F-4EAC-9D79-E2D08158FCF2}"
EndProject
Global
	GlobalSection(SolutionConfigurationPlatforms) = preSolution
		Debug|Any CPU = Debug|Any CPU
		Release|Any CPU = Release|Any CPU
	EndGlobalSection
	GlobalSection(ProjectConfigurationPlatforms) = postSolution
		{0C991580-3399-46B5-A074-03FEF818D160}.Debug|Any CPU.ActiveCfg = Debug|Any CPU
		{0C991580-3399-46B5-A074-03FEF818D160}.Debug|Any CPU.Build.0 = Debug|Any CPU
		{0C991580-3399-46B5-A074-03FEF818D160}.Release|Any CPU.ActiveCfg = Release|Any CPU
		{0C991580-3399-46B5-A074-03FEF818D160}.Release|Any CPU.Build.0 = Release|Any CPU
		{82D475D0-D22B-4CDE-BEF7-164F7D9F42B2}.Debug|Any CPU.ActiveCfg = Debug|Any CPU
		{82D475D0-D22B-4CDE-BEF7-164F7D9F42B2}.Debug|Any CPU.Build.0 = Debug|Any CPU
		{82D475D0-D22B-4CDE-BEF7-164F7D9F42B2}.Release|Any CPU.ActiveCfg = Release|Any CPU
		{82D475D0-D22B-4CDE-BEF7-164F7D9F42B2}.Release|Any CPU.Build.0 = Release|Any CPU
		{E8D40604-CBA3-443C-A678-A15092A8161B}.Debug|Any CPU.ActiveCfg = Debug|Any CPU
		{E8D40604-CBA3-443C-A678-A15092A8161B}.Debug|Any CPU.Build.0 = Debug|Any CPU
		{E8D40604-CBA3-443C-A678-A15092A8161B}.Release|Any CPU.ActiveCfg = Release|Any CPU
		{E8D40604-CBA3-443C-A678-A15092A8161B}.Release|Any CPU.Build.0 = Release|Any CPU
		{20EB977B-B9E6-4BA1-9F86-1A09843A267D}.Debug|Any CPU.ActiveCfg = Debug|Any CPU
		{20EB977B-B9E6-4BA1-9F86-1A09843A267D}.Debug|Any CPU.Build.0 = Debug|Any CPU
		{20EB977B-B9E6-4BA1-9F86-1A09843A267D}.Release|Any CPU.ActiveCfg = Release|Any CPU
		{20EB977B-B9E6-4BA1-9F86-1A09843A267D}.Release|Any CPU.Build.0 = Release|Any CPU
		{BB9C73BC-6DB0-4914-B7BD-89420A8AAD53}.Debug|Any CPU.ActiveCfg = Debug|Any CPU
		{BB9C73BC-6DB0-4914-B7BD-89420A8AAD53}.Debug|Any CPU.Build.0 = Debug|Any CPU
		{BB9C73BC-6DB0-4914-B7BD-89420A8AAD53}.Release|Any CPU.ActiveCfg = Release|Any CPU
		{BB9C73BC-6DB0-4914-B7BD-89420A8AAD53}.Release|Any CPU.Build.0 = Release|Any CPU
		{3BA0B8C7-A3F8-441E-A735-50A6B619EC71}.Debug|Any CPU.ActiveCfg = Debug|Any CPU
		{3BA0B8C7-A3F8-441E-A735-50A6B619EC71}.Debug|Any CPU.Build.0 = Debug|Any CPU
		{3BA0B8C7-A3F8-441E-A735-50A6B619EC71}.Release|Any CPU.ActiveCfg = Release|Any CPU
		{3BA0B8C7-A3F8-441E-A735-50A6B619EC71}.Release|Any CPU.Build.0 = Release|Any CPU
		{2CDC6975-32F9-447E-9424-8391EC441ADD}.Debug|Any CPU.ActiveCfg = Debug|Any CPU
		{2CDC6975-32F9-447E-9424-8391EC441ADD}.Debug|Any CPU.Build.0 = Debug|Any CPU
		{2CDC6975-32F9-447E-9424-8391EC441ADD}.Release|Any CPU.ActiveCfg = Release|Any CPU
		{2CDC6975-32F9-447E-9424-8391EC441ADD}.Release|Any CPU.Build.0 = Release|Any CPU
		{9D5A803E-844F-4EAC-9D79-E2D08158FCF2}.Debug|Any CPU.ActiveCfg = Debug|Any CPU
		{9D5A803E-844F-4EAC-9D79-E2D08158FCF2}.Debug|Any CPU.Build.0 = Debug|Any CPU
		{9D5A803E-844F-4EAC-9D79-E2D08158FCF2}.Release|Any CPU.ActiveCfg = Release|Any CPU
		{9D5A803E-844F-4EAC-9D79-E2D08158FCF2}.Release|Any CPU.Build.0 = Release|Any CPU
	EndGlobalSection
	GlobalSection(SolutionProperties) = preSolution
		HideSolutionNode = FALSE
	EndGlobalSection
	GlobalSection(ExtensibilityGlobals) = postSolution
		SolutionGuid = {3A6D7EAD-A46B-4BDD-8A59-AC90F837B2F3}
	EndGlobalSection
EndGlobal
